
Microsoft Visual Studio Solution File, Format Version 12.00
# Visual Studio Version 16
VisualStudioVersion = 16.0.31729.503
MinimumVisualStudioVersion = 10.0.40219.1
Project("{FAE04EC0-301F-11D3-BF4B-00C04F79EFBC}") = "financas-core", "financas-core\financas-core.csproj", "{9F53E872-A785-4F9A-A446-50B9440C6117}"
EndProject
Project("{FAE04EC0-301F-11D3-BF4B-00C04F79EFBC}") = "teste-unitario", "teste-unitario\teste-unitario.csproj", "{E0E8F513-F436-462D-B70F-F0DD9EAF9704}"
EndProject
Project("{FAE04EC0-301F-11D3-BF4B-00C04F79EFBC}") = "Financas", "Financas\Financas.csproj", "{705F366C-5E1C-472F-A247-E91A7458AC21}"
EndProject
Project("{FAE04EC0-301F-11D3-BF4B-00C04F79EFBC}") = "financas-border-api", "financas-border-api\financas-border-api.csproj", "{6A4DC091-CEEC-40CE-99B5-944B828E25CC}"
EndProject
Global
	GlobalSection(SolutionConfigurationPlatforms) = preSolution
		Debug|Any CPU = Debug|Any CPU
		Release|Any CPU = Release|Any CPU
	EndGlobalSection
	GlobalSection(ProjectConfigurationPlatforms) = postSolution
		{9F53E872-A785-4F9A-A446-50B9440C6117}.Debug|Any CPU.ActiveCfg = Debug|Any CPU
		{9F53E872-A785-4F9A-A446-50B9440C6117}.Debug|Any CPU.Build.0 = Debug|Any CPU
		{9F53E872-A785-4F9A-A446-50B9440C6117}.Release|Any CPU.ActiveCfg = Release|Any CPU
		{9F53E872-A785-4F9A-A446-50B9440C6117}.Release|Any CPU.Build.0 = Release|Any CPU
		{E0E8F513-F436-462D-B70F-F0DD9EAF9704}.Debug|Any CPU.ActiveCfg = Debug|Any CPU
		{E0E8F513-F436-462D-B70F-F0DD9EAF9704}.Debug|Any CPU.Build.0 = Debug|Any CPU
		{E0E8F513-F436-462D-B70F-F0DD9EAF9704}.Release|Any CPU.ActiveCfg = Release|Any CPU
		{E0E8F513-F436-462D-B70F-F0DD9EAF9704}.Release|Any CPU.Build.0 = Release|Any CPU
		{705F366C-5E1C-472F-A247-E91A7458AC21}.Debug|Any CPU.ActiveCfg = Debug|Any CPU
		{705F366C-5E1C-472F-A247-E91A7458AC21}.Debug|Any CPU.Build.0 = Debug|Any CPU
		{705F366C-5E1C-472F-A247-E91A7458AC21}.Release|Any CPU.ActiveCfg = Release|Any CPU
		{705F366C-5E1C-472F-A247-E91A7458AC21}.Release|Any CPU.Build.0 = Release|Any CPU
		{6A4DC091-CEEC-40CE-99B5-944B828E25CC}.Debug|Any CPU.ActiveCfg = Debug|Any CPU
		{6A4DC091-CEEC-40CE-99B5-944B828E25CC}.Debug|Any CPU.Build.0 = Debug|Any CPU
		{6A4DC091-CEEC-40CE-99B5-944B828E25CC}.Release|Any CPU.ActiveCfg = Release|Any CPU
		{6A4DC091-CEEC-40CE-99B5-944B828E25CC}.Release|Any CPU.Build.0 = Release|Any CPU
	EndGlobalSection
	GlobalSection(SolutionProperties) = preSolution
		HideSolutionNode = FALSE
	EndGlobalSection
	GlobalSection(ExtensibilityGlobals) = postSolution
		SolutionGuid = {520434A0-960A-4CCE-B19C-97042C8D2CE0}
	EndGlobalSection
EndGlobal
